{
  "meteor": {},
  "dependencies": {
    "basePackages": {
      "fast-render": {}
    },
    "packages": {
      "fast-render": {
        "git": "https://github.com/arunoda/meteor-fast-render.git",
        "tag": "v0.1.18",
        "commit": "dbfc8178594e5f696a39541278aac5dd25d458a0"
      }
    }
  }
}
