{
  "meteor": {},
  "dependencies": {
    "basePackages": {
      "fast-render": {}
    },
    "packages": {
      "fast-render": {
        "git": "https://github.com/arunoda/meteor-fast-render.git",
        "tag": "v0.1.23",
        "commit": "933b9d8992f1c7004f9993b1b15dffe3bac672f3"
      }
    }
  }
}
